
Microsoft Visual Studio Solution File, Format Version 11.00
# Visual Studio 2010
Project("{FAE04EC0-301F-11D3-BF4B-00C04F79EFBC}") = "readBSA3", "readBSA3\readBSA3.csproj", "{266E2CF6-3900-4AFF-B360-968888F2392B}"
EndProject
Global
	GlobalSection(SolutionConfigurationPlatforms) = preSolution
		Debug|x86 = Debug|x86
		Release|x86 = Release|x86
	EndGlobalSection
	GlobalSection(ProjectConfigurationPlatforms) = postSolution
		{266E2CF6-3900-4AFF-B360-968888F2392B}.Debug|x86.ActiveCfg = Debug|x86
		{266E2CF6-3900-4AFF-B360-968888F2392B}.Debug|x86.Build.0 = Debug|x86
		{266E2CF6-3900-4AFF-B360-968888F2392B}.Release|x86.ActiveCfg = Release|x86
		{266E2CF6-3900-4AFF-B360-968888F2392B}.Release|x86.Build.0 = Release|x86
	EndGlobalSection
	GlobalSection(SolutionProperties) = preSolution
		HideSolutionNode = FALSE
	EndGlobalSection
EndGlobal
